
Microsoft Visual Studio Solution File, Format Version 12.00
# Visual Studio 14
VisualStudioVersion = 14.0.25420.1
MinimumVisualStudioVersion = 10.0.40219.1
Project("{FAE04EC0-301F-11D3-BF4B-00C04F79EFBC}") = "StarsReloaded.Client.View", "StarsReloaded.Client.View\StarsReloaded.Client.View.csproj", "{8DA1C96D-A334-4347-9213-84FE426529B9}"
EndProject
Project("{FAE04EC0-301F-11D3-BF4B-00C04F79EFBC}") = "StarsReloaded.Client.ViewModel", "StarsReloaded.Client.ViewModel\StarsReloaded.Client.ViewModel.csproj", "{99D75ACD-D661-4C74-9A24-5AAFD0B2FCB2}"
EndProject
Project("{2150E333-8FDC-42A3-9474-1A3956D46DE8}") = "Client", "Client", "{222C1D5E-A413-4712-9C1A-2E45DB3376E7}"
EndProject
Project("{2150E333-8FDC-42A3-9474-1A3956D46DE8}") = "Server", "Server", "{4BE06EF5-3C73-4968-B68F-E9F2A9C745E8}"
EndProject
Project("{2150E333-8FDC-42A3-9474-1A3956D46DE8}") = "Shared", "Shared", "{62E06C4F-A4A4-4843-8335-F80492900A69}"
EndProject
Project("{FAE04EC0-301F-11D3-BF4B-00C04F79EFBC}") = "StarsReloaded.Shared.WorldGen", "StarsReloaded.Shared.WorldGen\StarsReloaded.Shared.WorldGen.csproj", "{A4760AFB-98A7-4D4A-9083-3FBEC3E0D7DC}"
EndProject
Project("{FAE04EC0-301F-11D3-BF4B-00C04F79EFBC}") = "StarsReloaded.Shared.Model", "StarsReloaded.Shared.Model\StarsReloaded.Shared.Model.csproj", "{0FF69D23-8A50-4382-8153-82F01447964B}"
EndProject
Project("{FAE04EC0-301F-11D3-BF4B-00C04F79EFBC}") = "StarsReloaded.Shared.Services", "StarsReloaded.Shared.Services\StarsReloaded.Shared.Services.csproj", "{DE955BD7-D460-4F47-A7EF-0E784ADED7BB}"
EndProject
Project("{FAE04EC0-301F-11D3-BF4B-00C04F79EFBC}") = "StarsReloaded.Shared.Tests", "StarsReloaded.Shared.Tests\StarsReloaded.Shared.Tests.csproj", "{FBBC1B65-3544-4681-9B99-61A7B4834505}"
EndProject
Project("{FAE04EC0-301F-11D3-BF4B-00C04F79EFBC}") = "StarsReloaded.Shared.Guts", "StarsReloaded.Shared.Guts\StarsReloaded.Shared.Guts.csproj", "{82385E19-9BE1-44E1-9208-6573841C498D}"
EndProject
Project("{2150E333-8FDC-42A3-9474-1A3956D46DE8}") = "Solution Items", "Solution Items", "{F2A42FA2-3BC3-4CD0-84C6-5B3347A2D3A7}"
	ProjectSection(SolutionItems) = preProject
		LICENSE.md = LICENSE.md
		README.md = README.md
	EndProjectSection
EndProject
Global
	GlobalSection(SolutionConfigurationPlatforms) = preSolution
		Debug|Any CPU = Debug|Any CPU
		Release|Any CPU = Release|Any CPU
	EndGlobalSection
	GlobalSection(ProjectConfigurationPlatforms) = postSolution
		{8DA1C96D-A334-4347-9213-84FE426529B9}.Debug|Any CPU.ActiveCfg = Debug|Any CPU
		{8DA1C96D-A334-4347-9213-84FE426529B9}.Debug|Any CPU.Build.0 = Debug|Any CPU
		{8DA1C96D-A334-4347-9213-84FE426529B9}.Release|Any CPU.ActiveCfg = Release|Any CPU
		{8DA1C96D-A334-4347-9213-84FE426529B9}.Release|Any CPU.Build.0 = Release|Any CPU
		{99D75ACD-D661-4C74-9A24-5AAFD0B2FCB2}.Debug|Any CPU.ActiveCfg = Debug|Any CPU
		{99D75ACD-D661-4C74-9A24-5AAFD0B2FCB2}.Debug|Any CPU.Build.0 = Debug|Any CPU
		{99D75ACD-D661-4C74-9A24-5AAFD0B2FCB2}.Release|Any CPU.ActiveCfg = Release|Any CPU
		{99D75ACD-D661-4C74-9A24-5AAFD0B2FCB2}.Release|Any CPU.Build.0 = Release|Any CPU
		{A4760AFB-98A7-4D4A-9083-3FBEC3E0D7DC}.Debug|Any CPU.ActiveCfg = Debug|Any CPU
		{A4760AFB-98A7-4D4A-9083-3FBEC3E0D7DC}.Debug|Any CPU.Build.0 = Debug|Any CPU
		{A4760AFB-98A7-4D4A-9083-3FBEC3E0D7DC}.Release|Any CPU.ActiveCfg = Release|Any CPU
		{A4760AFB-98A7-4D4A-9083-3FBEC3E0D7DC}.Release|Any CPU.Build.0 = Release|Any CPU
		{0FF69D23-8A50-4382-8153-82F01447964B}.Debug|Any CPU.ActiveCfg = Debug|Any CPU
		{0FF69D23-8A50-4382-8153-82F01447964B}.Debug|Any CPU.Build.0 = Debug|Any CPU
		{0FF69D23-8A50-4382-8153-82F01447964B}.Release|Any CPU.ActiveCfg = Release|Any CPU
		{0FF69D23-8A50-4382-8153-82F01447964B}.Release|Any CPU.Build.0 = Release|Any CPU
		{DE955BD7-D460-4F47-A7EF-0E784ADED7BB}.Debug|Any CPU.ActiveCfg = Debug|Any CPU
		{DE955BD7-D460-4F47-A7EF-0E784ADED7BB}.Debug|Any CPU.Build.0 = Debug|Any CPU
		{DE955BD7-D460-4F47-A7EF-0E784ADED7BB}.Release|Any CPU.ActiveCfg = Release|Any CPU
		{DE955BD7-D460-4F47-A7EF-0E784ADED7BB}.Release|Any CPU.Build.0 = Release|Any CPU
		{FBBC1B65-3544-4681-9B99-61A7B4834505}.Debug|Any CPU.ActiveCfg = Debug|Any CPU
		{FBBC1B65-3544-4681-9B99-61A7B4834505}.Debug|Any CPU.Build.0 = Debug|Any CPU
		{FBBC1B65-3544-4681-9B99-61A7B4834505}.Release|Any CPU.ActiveCfg = Release|Any CPU
		{FBBC1B65-3544-4681-9B99-61A7B4834505}.Release|Any CPU.Build.0 = Release|Any CPU
		{82385E19-9BE1-44E1-9208-6573841C498D}.Debug|Any CPU.ActiveCfg = Debug|Any CPU
		{82385E19-9BE1-44E1-9208-6573841C498D}.Debug|Any CPU.Build.0 = Debug|Any CPU
		{82385E19-9BE1-44E1-9208-6573841C498D}.Release|Any CPU.ActiveCfg = Release|Any CPU
		{82385E19-9BE1-44E1-9208-6573841C498D}.Release|Any CPU.Build.0 = Release|Any CPU
	EndGlobalSection
	GlobalSection(SolutionProperties) = preSolution
		HideSolutionNode = FALSE
	EndGlobalSection
	GlobalSection(NestedProjects) = preSolution
		{8DA1C96D-A334-4347-9213-84FE426529B9} = {222C1D5E-A413-4712-9C1A-2E45DB3376E7}
		{99D75ACD-D661-4C74-9A24-5AAFD0B2FCB2} = {222C1D5E-A413-4712-9C1A-2E45DB3376E7}
		{A4760AFB-98A7-4D4A-9083-3FBEC3E0D7DC} = {62E06C4F-A4A4-4843-8335-F80492900A69}
		{0FF69D23-8A50-4382-8153-82F01447964B} = {62E06C4F-A4A4-4843-8335-F80492900A69}
		{DE955BD7-D460-4F47-A7EF-0E784ADED7BB} = {62E06C4F-A4A4-4843-8335-F80492900A69}
		{FBBC1B65-3544-4681-9B99-61A7B4834505} = {62E06C4F-A4A4-4843-8335-F80492900A69}
		{82385E19-9BE1-44E1-9208-6573841C498D} = {62E06C4F-A4A4-4843-8335-F80492900A69}
	EndGlobalSection
EndGlobal
